
Microsoft Visual Studio Solution File, Format Version 12.00
Project("{FAE04EC0-301F-11D3-BF4B-00C04F79EFBC}") = "AspireRunner", "AspireRunner.csproj", "{5F2FFD0A-0EB2-4A6C-A06F-7527B1E233F3}"
EndProject
Global
	GlobalSection(SolutionConfigurationPlatforms) = preSolution
		Debug|Any CPU = Debug|Any CPU
		Release|Any CPU = Release|Any CPU
	EndGlobalSection
	GlobalSection(ProjectConfigurationPlatforms) = postSolution
		{5F2FFD0A-0EB2-4A6C-A06F-7527B1E233F3}.Debug|Any CPU.ActiveCfg = Debug|Any CPU
		{5F2FFD0A-0EB2-4A6C-A06F-7527B1E233F3}.Debug|Any CPU.Build.0 = Debug|Any CPU
		{5F2FFD0A-0EB2-4A6C-A06F-7527B1E233F3}.Release|Any CPU.ActiveCfg = Release|Any CPU
		{5F2FFD0A-0EB2-4A6C-A06F-7527B1E233F3}.Release|Any CPU.Build.0 = Release|Any CPU
	EndGlobalSection
EndGlobal
